
Microsoft Visual Studio Solution File, Format Version 12.00
# Visual Studio Version 17
VisualStudioVersion = 17.3.32811.315
MinimumVisualStudioVersion = 10.0.40219.1
Project("{FAE04EC0-301F-11D3-BF4B-00C04F79EFBC}") = "Todolist", "Todolist.csproj", "{8E738F35-8EE7-4F46-8B2D-375524471DC0}"
EndProject
Global
	GlobalSection(SolutionConfigurationPlatforms) = preSolution
		Debug|Any CPU = Debug|Any CPU
		Release|Any CPU = Release|Any CPU
	EndGlobalSection
	GlobalSection(ProjectConfigurationPlatforms) = postSolution
		{8E738F35-8EE7-4F46-8B2D-375524471DC0}.Debug|Any CPU.ActiveCfg = Debug|Any CPU
		{8E738F35-8EE7-4F46-8B2D-375524471DC0}.Debug|Any CPU.Build.0 = Debug|Any CPU
		{8E738F35-8EE7-4F46-8B2D-375524471DC0}.Release|Any CPU.ActiveCfg = Release|Any CPU
		{8E738F35-8EE7-4F46-8B2D-375524471DC0}.Release|Any CPU.Build.0 = Release|Any CPU
	EndGlobalSection
	GlobalSection(SolutionProperties) = preSolution
		HideSolutionNode = FALSE
	EndGlobalSection
	GlobalSection(ExtensibilityGlobals) = postSolution
		SolutionGuid = {009DB343-DFF2-4467-9007-F706A65C9D42}
	EndGlobalSection
EndGlobal
